
Microsoft Visual Studio Solution File, Format Version 12.00
# Visual Studio Version 17
VisualStudioVersion = 17.3.32825.248
MinimumVisualStudioVersion = 10.0.40219.1
Project("{FAE04EC0-301F-11D3-BF4B-00C04F79EFBC}") = "LD-EC_PiaBackEnd", "LD-EC_PiaBackEnd.csproj", "{FED3A42F-4805-46C3-9A5D-C623D7143DF7}"
EndProject
Global
	GlobalSection(SolutionConfigurationPlatforms) = preSolution
		Debug|Any CPU = Debug|Any CPU
		Release|Any CPU = Release|Any CPU
	EndGlobalSection
	GlobalSection(ProjectConfigurationPlatforms) = postSolution
		{FED3A42F-4805-46C3-9A5D-C623D7143DF7}.Debug|Any CPU.ActiveCfg = Debug|Any CPU
		{FED3A42F-4805-46C3-9A5D-C623D7143DF7}.Debug|Any CPU.Build.0 = Debug|Any CPU
		{FED3A42F-4805-46C3-9A5D-C623D7143DF7}.Release|Any CPU.ActiveCfg = Release|Any CPU
		{FED3A42F-4805-46C3-9A5D-C623D7143DF7}.Release|Any CPU.Build.0 = Release|Any CPU
	EndGlobalSection
	GlobalSection(SolutionProperties) = preSolution
		HideSolutionNode = FALSE
	EndGlobalSection
	GlobalSection(ExtensibilityGlobals) = postSolution
		SolutionGuid = {581A3B98-FFD4-4936-ADBE-5D70FD3A89A9}
	EndGlobalSection
EndGlobal
